
Microsoft Visual Studio Solution File, Format Version 12.00
# Visual Studio 15
VisualStudioVersion = 15.0.27130.2020
MinimumVisualStudioVersion = 10.0.40219.1
Project("{FAE04EC0-301F-11D3-BF4B-00C04F79EFBC}") = "CoreConsoleApp2", "CoreConsoleApp2\CoreConsoleApp2.csproj", "{E89FAAB7-FCDC-42A0-90AD-74708AC95987}"
EndProject
Global
	GlobalSection(SolutionConfigurationPlatforms) = preSolution
		Debug|Any CPU = Debug|Any CPU
		Release|Any CPU = Release|Any CPU
	EndGlobalSection
	GlobalSection(ProjectConfigurationPlatforms) = postSolution
		{E89FAAB7-FCDC-42A0-90AD-74708AC95987}.Debug|Any CPU.ActiveCfg = Debug|Any CPU
		{E89FAAB7-FCDC-42A0-90AD-74708AC95987}.Debug|Any CPU.Build.0 = Debug|Any CPU
		{E89FAAB7-FCDC-42A0-90AD-74708AC95987}.Release|Any CPU.ActiveCfg = Release|Any CPU
		{E89FAAB7-FCDC-42A0-90AD-74708AC95987}.Release|Any CPU.Build.0 = Release|Any CPU
	EndGlobalSection
	GlobalSection(SolutionProperties) = preSolution
		HideSolutionNode = FALSE
	EndGlobalSection
	GlobalSection(ExtensibilityGlobals) = postSolution
		SolutionGuid = {6DC31BF1-E76D-4568-A2DB-03A0095AAEC9}
	EndGlobalSection
EndGlobal
